
Microsoft Visual Studio Solution File, Format Version 12.00
Project("{FAE04EC0-301F-11D3-BF4B-00C04F79EFBC}") = "DosadoExamsBot", "DosadoExamsBot\DosadoExamsBot.csproj", "{ACA6E529-C4B9-489E-9628-D0AE49C370EC}"
EndProject
Global
	GlobalSection(SolutionConfigurationPlatforms) = preSolution
		Debug|Any CPU = Debug|Any CPU
		Release|Any CPU = Release|Any CPU
	EndGlobalSection
	GlobalSection(ProjectConfigurationPlatforms) = postSolution
		{ACA6E529-C4B9-489E-9628-D0AE49C370EC}.Debug|Any CPU.ActiveCfg = Debug|Any CPU
		{ACA6E529-C4B9-489E-9628-D0AE49C370EC}.Debug|Any CPU.Build.0 = Debug|Any CPU
		{ACA6E529-C4B9-489E-9628-D0AE49C370EC}.Release|Any CPU.ActiveCfg = Release|Any CPU
		{ACA6E529-C4B9-489E-9628-D0AE49C370EC}.Release|Any CPU.Build.0 = Release|Any CPU
	EndGlobalSection
EndGlobal
